
Microsoft Visual Studio Solution File, Format Version 12.00
# Visual Studio Version 17
VisualStudioVersion = 17.5.33424.131
MinimumVisualStudioVersion = 10.0.40219.1
Project("{9A19103F-16F7-4668-BE54-9A1E7A4F7556}") = "VeterinariaPawPalace", "VeterinariaPawPalace\VeterinariaPawPalace.csproj", "{DEEEABE6-E1BB-489D-8780-8A8B970BFA26}"
EndProject
Project("{9A19103F-16F7-4668-BE54-9A1E7A4F7556}") = "Entidades", "Clases\Entidades.csproj", "{84D523FD-2B04-4C5A-AC1C-5E3E9FAEB934}"
EndProject
Global
	GlobalSection(SolutionConfigurationPlatforms) = preSolution
		Debug|Any CPU = Debug|Any CPU
		Release|Any CPU = Release|Any CPU
	EndGlobalSection
	GlobalSection(ProjectConfigurationPlatforms) = postSolution
		{DEEEABE6-E1BB-489D-8780-8A8B970BFA26}.Debug|Any CPU.ActiveCfg = Debug|Any CPU
		{DEEEABE6-E1BB-489D-8780-8A8B970BFA26}.Debug|Any CPU.Build.0 = Debug|Any CPU
		{DEEEABE6-E1BB-489D-8780-8A8B970BFA26}.Release|Any CPU.ActiveCfg = Release|Any CPU
		{DEEEABE6-E1BB-489D-8780-8A8B970BFA26}.Release|Any CPU.Build.0 = Release|Any CPU
		{84D523FD-2B04-4C5A-AC1C-5E3E9FAEB934}.Debug|Any CPU.ActiveCfg = Debug|Any CPU
		{84D523FD-2B04-4C5A-AC1C-5E3E9FAEB934}.Debug|Any CPU.Build.0 = Debug|Any CPU
		{84D523FD-2B04-4C5A-AC1C-5E3E9FAEB934}.Release|Any CPU.ActiveCfg = Release|Any CPU
		{84D523FD-2B04-4C5A-AC1C-5E3E9FAEB934}.Release|Any CPU.Build.0 = Release|Any CPU
	EndGlobalSection
	GlobalSection(SolutionProperties) = preSolution
		HideSolutionNode = FALSE
	EndGlobalSection
	GlobalSection(ExtensibilityGlobals) = postSolution
		SolutionGuid = {121FD441-813D-4775-800A-A1607D78F8E5}
	EndGlobalSection
EndGlobal
